
Microsoft Visual Studio Solution File, Format Version 12.00
# Visual Studio 2012
Project("{FAE04EC0-301F-11D3-BF4B-00C04F79EFBC}") = "Grokit1.WABS.Itinerary", "Grokit1.WABS\Grokit1.WABS.Itinerary.csproj", "{E9DBCFF3-37DB-4C88-A1A1-091931863748}"
EndProject
Project("{2150E333-8FDC-42A3-9474-1A3956D46DE8}") = "TestFiles", "TestFiles", "{6D4703B1-F732-4DB9-AD7E-D2A3ADFCC4C1}"
	ProjectSection(SolutionItems) = preProject
		TestFiles\salesorderinstance.xml = TestFiles\salesorderinstance.xml
	EndProjectSection
EndProject
Global
	GlobalSection(SolutionConfigurationPlatforms) = preSolution
		Debug|Any CPU = Debug|Any CPU
		Release|Any CPU = Release|Any CPU
	EndGlobalSection
	GlobalSection(ProjectConfigurationPlatforms) = postSolution
		{E9DBCFF3-37DB-4C88-A1A1-091931863748}.Debug|Any CPU.ActiveCfg = Debug|Any CPU
		{E9DBCFF3-37DB-4C88-A1A1-091931863748}.Debug|Any CPU.Build.0 = Debug|Any CPU
		{E9DBCFF3-37DB-4C88-A1A1-091931863748}.Debug|Any CPU.Deploy.0 = Debug|Any CPU
		{E9DBCFF3-37DB-4C88-A1A1-091931863748}.Release|Any CPU.ActiveCfg = Release|Any CPU
		{E9DBCFF3-37DB-4C88-A1A1-091931863748}.Release|Any CPU.Build.0 = Release|Any CPU
		{E9DBCFF3-37DB-4C88-A1A1-091931863748}.Release|Any CPU.Deploy.0 = Release|Any CPU
	EndGlobalSection
	GlobalSection(SolutionProperties) = preSolution
		HideSolutionNode = FALSE
	EndGlobalSection
EndGlobal
